
Microsoft Visual Studio Solution File, Format Version 12.00
# Visual Studio 15
VisualStudioVersion = 15.0.28010.2036
MinimumVisualStudioVersion = 10.0.40219.1
Project("{FAE04EC0-301F-11D3-BF4B-00C04F79EFBC}") = "NumbersApp", "NumbersApp\NumbersApp.csproj", "{68327FF4-BDC2-4FF7-AE54-FADE890DE585}"
EndProject
Global
	GlobalSection(SolutionConfigurationPlatforms) = preSolution
		Debug|Any CPU = Debug|Any CPU
		Release|Any CPU = Release|Any CPU
	EndGlobalSection
	GlobalSection(ProjectConfigurationPlatforms) = postSolution
		{68327FF4-BDC2-4FF7-AE54-FADE890DE585}.Debug|Any CPU.ActiveCfg = Debug|Any CPU
		{68327FF4-BDC2-4FF7-AE54-FADE890DE585}.Debug|Any CPU.Build.0 = Debug|Any CPU
		{68327FF4-BDC2-4FF7-AE54-FADE890DE585}.Release|Any CPU.ActiveCfg = Release|Any CPU
		{68327FF4-BDC2-4FF7-AE54-FADE890DE585}.Release|Any CPU.Build.0 = Release|Any CPU
	EndGlobalSection
	GlobalSection(SolutionProperties) = preSolution
		HideSolutionNode = FALSE
	EndGlobalSection
	GlobalSection(ExtensibilityGlobals) = postSolution
		SolutionGuid = {C35CD0D3-D69D-448C-9327-05368B2EE11E}
	EndGlobalSection
EndGlobal
